
Microsoft Visual Studio Solution File, Format Version 12.00
# Visual Studio Version 17
VisualStudioVersion = 17.4.33205.214
MinimumVisualStudioVersion = 10.0.40219.1
Project("{FAE04EC0-301F-11D3-BF4B-00C04F79EFBC}") = "SerilogExampleWithWebApi", "SerilogExampleWithWebApi\SerilogExampleWithWebApi.csproj", "{B77DBBA0-DD80-40A7-96B6-CB513FAE2554}"
EndProject
Global
	GlobalSection(SolutionConfigurationPlatforms) = preSolution
		Debug|Any CPU = Debug|Any CPU
		Release|Any CPU = Release|Any CPU
	EndGlobalSection
	GlobalSection(ProjectConfigurationPlatforms) = postSolution
		{B77DBBA0-DD80-40A7-96B6-CB513FAE2554}.Debug|Any CPU.ActiveCfg = Debug|Any CPU
		{B77DBBA0-DD80-40A7-96B6-CB513FAE2554}.Debug|Any CPU.Build.0 = Debug|Any CPU
		{B77DBBA0-DD80-40A7-96B6-CB513FAE2554}.Release|Any CPU.ActiveCfg = Release|Any CPU
		{B77DBBA0-DD80-40A7-96B6-CB513FAE2554}.Release|Any CPU.Build.0 = Release|Any CPU
	EndGlobalSection
	GlobalSection(SolutionProperties) = preSolution
		HideSolutionNode = FALSE
	EndGlobalSection
	GlobalSection(ExtensibilityGlobals) = postSolution
		SolutionGuid = {42CF0D07-D456-4906-81D9-29E064A4D49C}
	EndGlobalSection
EndGlobal
